
Microsoft Visual Studio Solution File, Format Version 12.00
# Visual Studio 15
VisualStudioVersion = 15.0.28307.779
MinimumVisualStudioVersion = 10.0.40219.1
Project("{FAE04EC0-301F-11D3-BF4B-00C04F79EFBC}") = "ControlWork", "ControlWork\ControlWork.csproj", "{960FF0E7-3CF8-4E8D-A291-326A1A25C4E6}"
EndProject
Global
	GlobalSection(SolutionConfigurationPlatforms) = preSolution
		Debug|Any CPU = Debug|Any CPU
		Release|Any CPU = Release|Any CPU
	EndGlobalSection
	GlobalSection(ProjectConfigurationPlatforms) = postSolution
		{960FF0E7-3CF8-4E8D-A291-326A1A25C4E6}.Debug|Any CPU.ActiveCfg = Debug|Any CPU
		{960FF0E7-3CF8-4E8D-A291-326A1A25C4E6}.Debug|Any CPU.Build.0 = Debug|Any CPU
		{960FF0E7-3CF8-4E8D-A291-326A1A25C4E6}.Release|Any CPU.ActiveCfg = Release|Any CPU
		{960FF0E7-3CF8-4E8D-A291-326A1A25C4E6}.Release|Any CPU.Build.0 = Release|Any CPU
	EndGlobalSection
	GlobalSection(SolutionProperties) = preSolution
		HideSolutionNode = FALSE
	EndGlobalSection
	GlobalSection(ExtensibilityGlobals) = postSolution
		SolutionGuid = {0F4AFD12-CC9A-4BC7-B7D6-67E4A8D3E85B}
	EndGlobalSection
EndGlobal
